// !$*UTF8*$!
{
	archiveVersion = 1;
	classes = {
	};
	objectVersion = 50;
	objects = {

/* Begin PBXBuildFile section */
		1A8B3F9D2345257500906F40 /* SecondView.swift in Sources */ = {isa = PBXBuildFile; fileRef = 1A8B3F9C2345257500906F40 /* SecondView.swift */; };
		1A8D35D92344EA270031C18B /* UserSettings.swift in Sources */ = {isa = PBXBuildFile; fileRef = 1A8D35D82344EA270031C18B /* UserSettings.swift */; };
		1A8EE203234416B4003D5D22 /* AppDelegate.swift in Sources */ = {isa = PBXBuildFile; fileRef = 1A8EE202234416B4003D5D22 /* AppDelegate.swift */; };
		1A8EE205234416B4003D5D22 /* SceneDelegate.swift in Sources */ = {isa = PBXBuildFile; fileRef = 1A8EE204234416B4003D5D22 /* SceneDelegate.swift */; };
		1A8EE207234416B4003D5D22 /* ContentView.swift in Sources */ = {isa = PBXBuildFile; fileRef = 1A8EE206234416B4003D5D22 /* ContentView.swift */; };
		1A8EE209234416B6003D5D22 /* Assets.xcassets in Resources */ = {isa = PBXBuildFile; fileRef = 1A8EE208234416B6003D5D22 /* Assets.xcassets */; };
		1A8EE20C234416B6003D5D22 /* Preview Assets.xcassets in Resources */ = {isa = PBXBuildFile; fileRef = 1A8EE20B234416B6003D5D22 /* Preview Assets.xcassets */; };
		1A8EE20F234416B6003D5D22 /* LaunchScreen.storyboard in Resources */ = {isa = PBXBuildFile; fileRef = 1A8EE20D234416B6003D5D22 /* LaunchScreen.storyboard */; };
		1A8EE21B23441719003D5D22 /* AccountView.swift in Sources */ = {isa = PBXBuildFile; fileRef = 1A8EE21923441719003D5D22 /* AccountView.swift */; };
		1A8EE2222344175B003D5D22 /* Settings.swift in Sources */ = {isa = PBXBuildFile; fileRef = 1A8EE2212344175B003D5D22 /* Settings.swift */; };
		1AE6B58C234612EB00CE62D7 /* MainView.swift in Sources */ = {isa = PBXBuildFile; fileRef = 1AE6B58B234612EB00CE62D7 /* MainView.swift */; };
		1AE6B5912346155B00CE62D7 /* LoginView.swift in Sources */ = {isa = PBXBuildFile; fileRef = 1AE6B5902346155B00CE62D7 /* LoginView.swift */; };
		1AE6B59A23461E6C00CE62D7 /* README.md in Resources */ = {isa = PBXBuildFile; fileRef = 1AE6B59923461E6C00CE62D7 /* README.md */; };
/* End PBXBuildFile section */

/* Begin PBXFileReference section */
		1A8B3F9C2345257500906F40 /* SecondView.swift */ = {isa = PBXFileReference; lastKnownFileType = sourcecode.swift; path = SecondView.swift; sourceTree = "<group>"; };
		1A8D35D82344EA270031C18B /* UserSettings.swift */ = {isa = PBXFileReference; fileEncoding = 4; lastKnownFileType = sourcecode.swift; path = UserSettings.swift; sourceTree = "<group>"; };
		1A8EE1FF234416B4003D5D22 /* SwiftUINavigation.app */ = {isa = PBXFileReference; explicitFileType = wrapper.application; includeInIndex = 0; path = SwiftUINavigation.app; sourceTree = BUILT_PRODUCTS_DIR; };
		1A8EE202234416B4003D5D22 /* AppDelegate.swift */ = {isa = PBXFileReference; lastKnownFileType = sourcecode.swift; path = AppDelegate.swift; sourceTree = "<group>"; };
		1A8EE204234416B4003D5D22 /* SceneDelegate.swift */ = {isa = PBXFileReference; lastKnownFileType = sourcecode.swift; path = SceneDelegate.swift; sourceTree = "<group>"; };
		1A8EE206234416B4003D5D22 /* ContentView.swift */ = {isa = PBXFileReference; lastKnownFileType = sourcecode.swift; path = ContentView.swift; sourceTree = "<group>"; };
		1A8EE208234416B6003D5D22 /* Assets.xcassets */ = {isa = PBXFileReference; lastKnownFileType = folder.assetcatalog; path = Assets.xcassets; sourceTree = "<group>"; };
		1A8EE20B234416B6003D5D22 /* Preview Assets.xcassets */ = {isa = PBXFileReference; lastKnownFileType = folder.assetcatalog; path = "Preview Assets.xcassets"; sourceTree = "<group>"; };
		1A8EE20E234416B6003D5D22 /* Base */ = {isa = PBXFileReference; lastKnownFileType = file.storyboard; name = Base; path = Base.lproj/LaunchScreen.storyboard; sourceTree = "<group>"; };
		1A8EE210234416B6003D5D22 /* Info.plist */ = {isa = PBXFileReference; lastKnownFileType = text.plist.xml; path = Info.plist; sourceTree = "<group>"; };
		1A8EE21923441719003D5D22 /* AccountView.swift */ = {isa = PBXFileReference; fileEncoding = 4; lastKnownFileType = sourcecode.swift; path = AccountView.swift; sourceTree = "<group>"; };
		1A8EE2212344175B003D5D22 /* Settings.swift */ = {isa = PBXFileReference; fileEncoding = 4; lastKnownFileType = sourcecode.swift; path = Settings.swift; sourceTree = "<group>"; };
		1AE6B58B234612EB00CE62D7 /* MainView.swift */ = {isa = PBXFileReference; lastKnownFileType = sourcecode.swift; path = MainView.swift; sourceTree = "<group>"; };
		1AE6B5902346155B00CE62D7 /* LoginView.swift */ = {isa = PBXFileReference; lastKnownFileType = sourcecode.swift; path = LoginView.swift; sourceTree = "<group>"; };
		1AE6B59923461E6C00CE62D7 /* README.md */ = {isa = PBXFileReference; lastKnownFileType = net.daringfireball.markdown; path = README.md; sourceTree = "<group>"; };
/* End PBXFileReference section */

/* Begin PBXFrameworksBuildPhase section */
		1A8EE1FC234416B4003D5D22 /* Frameworks */ = {
			isa = PBXFrameworksBuildPhase;
			buildActionMask = 2147483647;
			files = (
			);
			runOnlyForDeploymentPostprocessing = 0;
		};
/* End PBXFrameworksBuildPhase section */

/* Begin PBXGroup section */
		1A8EE1F6234416B4003D5D22 = {
			isa = PBXGroup;
			children = (
				1AE6B59923461E6C00CE62D7 /* README.md */,
				1A8EE201234416B4003D5D22 /* SwiftUINavigation */,
				1A8EE200234416B4003D5D22 /* Products */,
			);
			sourceTree = "<group>";
		};
		1A8EE200234416B4003D5D22 /* Products */ = {
			isa = PBXGroup;
			children = (
				1A8EE1FF234416B4003D5D22 /* SwiftUINavigation.app */,
			);
			name = Products;
			sourceTree = "<group>";
		};
		1A8EE201234416B4003D5D22 /* SwiftUINavigation */ = {
			isa = PBXGroup;
			children = (
				1A8EE2202344173B003D5D22 /* util */,
				1A8EE202234416B4003D5D22 /* AppDelegate.swift */,
				1A8EE204234416B4003D5D22 /* SceneDelegate.swift */,
				1A8EE206234416B4003D5D22 /* ContentView.swift */,
				1AE6B58B234612EB00CE62D7 /* MainView.swift */,
				1AE6B5902346155B00CE62D7 /* LoginView.swift */,
				1A8EE21923441719003D5D22 /* AccountView.swift */,
				1A8B3F9C2345257500906F40 /* SecondView.swift */,
				1A8EE208234416B6003D5D22 /* Assets.xcassets */,
				1A8EE20D234416B6003D5D22 /* LaunchScreen.storyboard */,
				1A8EE210234416B6003D5D22 /* Info.plist */,
				1A8EE20A234416B6003D5D22 /* Preview Content */,
			);
			path = SwiftUINavigation;
			sourceTree = "<group>";
		};
		1A8EE20A234416B6003D5D22 /* Preview Content */ = {
			isa = PBXGroup;
			children = (
				1A8EE20B234416B6003D5D22 /* Preview Assets.xcassets */,
			);
			path = "Preview Content";
			sourceTree = "<group>";
		};
		1A8EE2202344173B003D5D22 /* util */ = {
			isa = PBXGroup;
			children = (
				1A8D35D82344EA270031C18B /* UserSettings.swift */,
				1A8EE2212344175B003D5D22 /* Settings.swift */,
			);
			path = util;
			sourceTree = "<group>";
		};
/* End PBXGroup section */

/* Begin PBXNativeTarget section */
		1A8EE1FE234416B4003D5D22 /* SwiftUINavigation */ = {
			isa = PBXNativeTarget;
			buildConfigurationList = 1A8EE213234416B6003D5D22 /* Build configuration list for PBXNativeTarget "SwiftUINavigation" */;
			buildPhases = (
				1A8EE1FB234416B4003D5D22 /* Sources */,
				1A8EE1FC234416B4003D5D22 /* Frameworks */,
				1A8EE1FD234416B4003D5D22 /* Resources */,
			);
			buildRules = (
			);
			dependencies = (
			);
			name = SwiftUINavigation;
			productName = SwiftUINavigation;
			productReference = 1A8EE1FF234416B4003D5D22 /* SwiftUINavigation.app */;
			productType = "com.apple.product-type.application";
		};
/* End PBXNativeTarget section */

/* Begin PBXProject section */
		1A8EE1F7234416B4003D5D22 /* Project object */ = {
			isa = PBXProject;
			attributes = {
				LastSwiftUpdateCheck = 1100;
				LastUpgradeCheck = 1100;
				ORGANIZATIONNAME = erl;
				TargetAttributes = {
					1A8EE1FE234416B4003D5D22 = {
						CreatedOnToolsVersion = 11.0;
					};
				};
			};
			buildConfigurationList = 1A8EE1FA234416B4003D5D22 /* Build configuration list for PBXProject "SwiftUINavigation" */;
			compatibilityVersion = "Xcode 9.3";
			developmentRegion = en;
			hasScannedForEncodings = 0;
			knownRegions = (
				en,
				Base,
			);
			mainGroup = 1A8EE1F6234416B4003D5D22;
			productRefGroup = 1A8EE200234416B4003D5D22 /* Products */;
			projectDirPath = "";
			projectRoot = "";
			targets = (
				1A8EE1FE234416B4003D5D22 /* SwiftUINavigation */,
			);
		};
/* End PBXProject section */

/* Begin PBXResourcesBuildPhase section */
		1A8EE1FD234416B4003D5D22 /* Resources */ = {
			isa = PBXResourcesBuildPhase;
			buildActionMask = 2147483647;
			files = (
				1A8EE20F234416B6003D5D22 /* LaunchScreen.storyboard in Resources */,
				1A8EE20C234416B6003D5D22 /* Preview Assets.xcassets in Resources */,
				1AE6B59A23461E6C00CE62D7 /* README.md in Resources */,
				1A8EE209234416B6003D5D22 /* Assets.xcassets in Resources */,
			);
			runOnlyForDeploymentPostprocessing = 0;
		};
/* End PBXResourcesBuildPhase section */

/* Begin PBXSourcesBuildPhase section */
		1A8EE1FB234416B4003D5D22 /* Sources */ = {
			isa = PBXSourcesBuildPhase;
			buildActionMask = 2147483647;
			files = (
				1AE6B58C234612EB00CE62D7 /* MainView.swift in Sources */,
				1A8EE203234416B4003D5D22 /* AppDelegate.swift in Sources */,
				1A8B3F9D2345257500906F40 /* SecondView.swift in Sources */,
				1AE6B5912346155B00CE62D7 /* LoginView.swift in Sources */,
				1A8EE2222344175B003D5D22 /* Settings.swift in Sources */,
				1A8EE205234416B4003D5D22 /* SceneDelegate.swift in Sources */,
				1A8D35D92344EA270031C18B /* UserSettings.swift in Sources */,
				1A8EE207234416B4003D5D22 /* ContentView.swift in Sources */,
				1A8EE21B23441719003D5D22 /* AccountView.swift in Sources */,
			);
			runOnlyForDeploymentPostprocessing = 0;
		};
/* End PBXSourcesBuildPhase section */

/* Begin PBXVariantGroup section */
		1A8EE20D234416B6003D5D22 /* LaunchScreen.storyboard */ = {
			isa = PBXVariantGroup;
			children = (
				1A8EE20E234416B6003D5D22 /* Base */,
			);
			name = LaunchScreen.storyboard;
			sourceTree = "<group>";
		};
/* End PBXVariantGroup section */

/* Begin XCBuildConfiguration section */
		1A8EE211234416B6003D5D22 /* Debug */ = {
			isa = XCBuildConfiguration;
			buildSettings = {
				ALWAYS_SEARCH_USER_PATHS = NO;
				CLANG_ANALYZER_NONNULL = YES;
				CLANG_ANALYZER_NUMBER_OBJECT_CONVERSION = YES_AGGRESSIVE;
				CLANG_CXX_LANGUAGE_STANDARD = "gnu++14";
				CLANG_CXX_LIBRARY = "libc++";
				CLANG_ENABLE_MODULES = YES;
				CLANG_ENABLE_OBJC_ARC = YES;
				CLANG_ENABLE_OBJC_WEAK = YES;
				CLANG_WARN_BLOCK_CAPTURE_AUTORELEASING = YES;
				CLANG_WARN_BOOL_CONVERSION = YES;
				CLANG_WARN_COMMA = YES;
				CLANG_WARN_CONSTANT_CONVERSION = YES;
				CLANG_WARN_DEPRECATED_OBJC_IMPLEMENTATIONS = YES;
				CLANG_WARN_DIRECT_OBJC_ISA_USAGE = YES_ERROR;
				CLANG_WARN_DOCUMENTATION_COMMENTS = YES;
				CLANG_WARN_EMPTY_BODY = YES;
				CLANG_WARN_ENUM_CONVERSION = YES;
				CLANG_WARN_INFINITE_RECURSION = YES;
				CLANG_WARN_INT_CONVERSION = YES;
				CLANG_WARN_NON_LITERAL_NULL_CONVERSION = YES;
				CLANG_WARN_OBJC_IMPLICIT_RETAIN_SELF = YES;
				CLANG_WARN_OBJC_LITERAL_CONVERSION = YES;
				CLANG_WARN_OBJC_ROOT_CLASS = YES_ERROR;
				CLANG_WARN_RANGE_LOOP_ANALYSIS = YES;
				CLANG_WARN_STRICT_PROTOTYPES = YES;
				CLANG_WARN_SUSPICIOUS_MOVE = YES;
				CLANG_WARN_UNGUARDED_AVAILABILITY = YES_AGGRESSIVE;
				CLANG_WARN_UNREACHABLE_CODE = YES;
				CLANG_WARN__DUPLICATE_METHOD_MATCH = YES;
				COPY_PHASE_STRIP = NO;
				DEBUG_INFORMATION_FORMAT = dwarf;
				ENABLE_STRICT_OBJC_MSGSEND = YES;
				ENABLE_TESTABILITY = YES;
				GCC_C_LANGUAGE_STANDARD = gnu11;
				GCC_DYNAMIC_NO_PIC = NO;
				GCC_NO_COMMON_BLOCKS = YES;
				GCC_OPTIMIZATION_LEVEL = 0;
				GCC_PREPROCESSOR_DEFINITIONS = (
					"DEBUG=1",
					"$(inherited)",
				);
				GCC_WARN_64_TO_32_BIT_CONVERSION = YES;
				GCC_WARN_ABOUT_RETURN_TYPE = YES_ERROR;
				GCC_WARN_UNDECLARED_SELECTOR = YES;
				GCC_WARN_UNINITIALIZED_AUTOS = YES_AGGRESSIVE;
				GCC_WARN_UNUSED_FUNCTION = YES;
				GCC_WARN_UNUSED_VARIABLE = YES;
				IPHONEOS_DEPLOYMENT_TARGET = 13.0;
				MTL_ENABLE_DEBUG_INFO = INCLUDE_SOURCE;
				MTL_FAST_MATH = YES;
				ONLY_ACTIVE_ARCH = YES;
				SDKROOT = iphoneos;
				SWIFT_ACTIVE_COMPILATION_CONDITIONS = DEBUG;
				SWIFT_OPTIMIZATION_LEVEL = "-Onone";
			};
			name = Debug;
		};
		1A8EE212234416B6003D5D22 /* Release */ = {
			isa = XCBuildConfiguration;
			buildSettings = {
				ALWAYS_SEARCH_USER_PATHS = NO;
				CLANG_ANALYZER_NONNULL = YES;
				CLANG_ANALYZER_NUMBER_OBJECT_CONVERSION = YES_AGGRESSIVE;
				CLANG_CXX_LANGUAGE_STANDARD = "gnu++14";
				CLANG_CXX_LIBRARY = "libc++";
				CLANG_ENABLE_MODULES = YES;
				CLANG_ENABLE_OBJC_ARC = YES;
				CLANG_ENABLE_OBJC_WEAK = YES;
				CLANG_WARN_BLOCK_CAPTURE_AUTORELEASING = YES;
				CLANG_WARN_BOOL_CONVERSION = YES;
				CLANG_WARN_COMMA = YES;
				CLANG_WARN_CONSTANT_CONVERSION = YES;
				CLANG_WARN_DEPRECATED_OBJC_IMPLEMENTATIONS = YES;
				CLANG_WARN_DIRECT_OBJC_ISA_USAGE = YES_ERROR;
				CLANG_WARN_DOCUMENTATION_COMMENTS = YES;
				CLANG_WARN_EMPTY_BODY = YES;
				CLANG_WARN_ENUM_CONVERSION = YES;
				CLANG_WARN_INFINITE_RECURSION = YES;
				CLANG_WARN_INT_CONVERSION = YES;
				CLANG_WARN_NON_LITERAL_NULL_CONVERSION = YES;
				CLANG_WARN_OBJC_IMPLICIT_RETAIN_SELF = YES;
				CLANG_WARN_OBJC_LITERAL_CONVERSION = YES;
				CLANG_WARN_OBJC_ROOT_CLASS = YES_ERROR;
				CLANG_WARN_RANGE_LOOP_ANALYSIS = YES;
				CLANG_WARN_STRICT_PROTOTYPES = YES;
				CLANG_WARN_SUSPICIOUS_MOVE = YES;
				CLANG_WARN_UNGUARDED_AVAILABILITY = YES_AGGRESSIVE;
				CLANG_WARN_UNREACHABLE_CODE = YES;
				CLANG_WARN__DUPLICATE_METHOD_MATCH = YES;
				COPY_PHASE_STRIP = NO;
				DEBUG_INFORMATION_FORMAT = "dwarf-with-dsym";
				ENABLE_NS_ASSERTIONS = NO;
				ENABLE_STRICT_OBJC_MSGSEND = YES;
				GCC_C_LANGUAGE_STANDARD = gnu11;
				GCC_NO_COMMON_BLOCKS = YES;
				GCC_WARN_64_TO_32_BIT_CONVERSION = YES;
				GCC_WARN_ABOUT_RETURN_TYPE = YES_ERROR;
				GCC_WARN_UNDECLARED_SELECTOR = YES;
				GCC_WARN_UNINITIALIZED_AUTOS = YES_AGGRESSIVE;
				GCC_WARN_UNUSED_FUNCTION = YES;
				GCC_WARN_UNUSED_VARIABLE = YES;
				IPHONEOS_DEPLOYMENT_TARGET = 13.0;
				MTL_ENABLE_DEBUG_INFO = NO;
				MTL_FAST_MATH = YES;
				SDKROOT = iphoneos;
				SWIFT_COMPILATION_MODE = wholemodule;
				SWIFT_OPTIMIZATION_LEVEL = "-O";
				VALIDATE_PRODUCT = YES;
			};
			name = Release;
		};
		1A8EE214234416B6003D5D22 /* Debug */ = {
			isa = XCBuildConfiguration;
			buildSettings = {
				ASSETCATALOG_COMPILER_APPICON_NAME = AppIcon;
				CODE_SIGN_STYLE = Automatic;
				DEVELOPMENT_ASSET_PATHS = "\"SwiftUINavigation/Preview Content\"";
				DEVELOPMENT_TEAM = 7975HM7LNW;
				ENABLE_PREVIEWS = YES;
				INFOPLIST_FILE = SwiftUINavigation/Info.plist;
				LD_RUNPATH_SEARCH_PATHS = (
					"$(inherited)",
					"@executable_path/Frameworks",
				);
				PRODUCT_BUNDLE_IDENTIFIER = com.erl.SwiftUINavigation;
				PRODUCT_NAME = "$(TARGET_NAME)";
				SWIFT_VERSION = 5.0;
				TARGETED_DEVICE_FAMILY = "1,2";
			};
			name = Debug;
		};
		1A8EE215234416B6003D5D22 /* Release */ = {
			isa = XCBuildConfiguration;
			buildSettings = {
				ASSETCATALOG_COMPILER_APPICON_NAME = AppIcon;
				CODE_SIGN_STYLE = Automatic;
				DEVELOPMENT_ASSET_PATHS = "\"SwiftUINavigation/Preview Content\"";
				DEVELOPMENT_TEAM = 7975HM7LNW;
				ENABLE_PREVIEWS = YES;
				INFOPLIST_FILE = SwiftUINavigation/Info.plist;
				LD_RUNPATH_SEARCH_PATHS = (
					"$(inherited)",
					"@executable_path/Frameworks",
				);
				PRODUCT_BUNDLE_IDENTIFIER = com.erl.SwiftUINavigation;
				PRODUCT_NAME = "$(TARGET_NAME)";
				SWIFT_VERSION = 5.0;
				TARGETED_DEVICE_FAMILY = "1,2";
			};
			name = Release;
		};
/* End XCBuildConfiguration section */

/* Begin XCConfigurationList section */
		1A8EE1FA234416B4003D5D22 /* Build configuration list for PBXProject "SwiftUINavigation" */ = {
			isa = XCConfigurationList;
			buildConfigurations = (
				1A8EE211234416B6003D5D22 /* Debug */,
				1A8EE212234416B6003D5D22 /* Release */,
			);
			defaultConfigurationIsVisible = 0;
			defaultConfigurationName = Release;
		};
		1A8EE213234416B6003D5D22 /* Build configuration list for PBXNativeTarget "SwiftUINavigation" */ = {
			isa = XCConfigurationList;
			buildConfigurations = (
				1A8EE214234416B6003D5D22 /* Debug */,
				1A8EE215234416B6003D5D22 /* Release */,
			);
			defaultConfigurationIsVisible = 0;
			defaultConfigurationName = Release;
		};
/* End XCConfigurationList section */
	};
	rootObject = 1A8EE1F7234416B4003D5D22 /* Project object */;
}
